
Microsoft Visual Studio Solution File, Format Version 12.00
Project("{FAE04EC0-301F-11D3-BF4B-00C04F79EFBC}") = "mvc-ecomm-net", "mvc-ecomm-net\mvc-ecomm-net.csproj", "{E20FEB19-0D66-4AFA-B091-CB9D494F2159}"
EndProject
Project("{2150E333-8FDC-42A3-9474-1A3956D46DE8}") = "Services", "Services", "{4C70EBCB-D1FB-46C8-9024-AA7850C8F6A3}"
	ProjectSection(SolutionItems) = preProject
		Services\README.md = Services\README.md
	EndProjectSection
EndProject
Project("{2150E333-8FDC-42A3-9474-1A3956D46DE8}") = "Catalog", "Catalog", "{FB7EFB3A-61BD-469D-8EE1-E05601E6A421}"
EndProject
Project("{FAE04EC0-301F-11D3-BF4B-00C04F79EFBC}") = "Catalog.API", "Services\Catalog\Catalog.API\Catalog.API.csproj", "{B4613EBC-EAFC-4495-BB29-2DD62263FF3C}"
EndProject
Project("{FAE04EC0-301F-11D3-BF4B-00C04F79EFBC}") = "Catalog.Application", "Services\Catalog\Catalog.Application\Catalog.Application.csproj", "{8FA404F2-DCA2-498A-ACBE-46B630263E75}"
EndProject
Project("{FAE04EC0-301F-11D3-BF4B-00C04F79EFBC}") = "Catalog.Core", "Services\Catalog\Catalog.Core\Catalog.Core.csproj", "{7E61FCEC-D743-4546-910C-FB7CE66E8EF3}"
EndProject
Project("{FAE04EC0-301F-11D3-BF4B-00C04F79EFBC}") = "Catalog.Infrastructure", "Services\Catalog\Catalog.Infrastructure\Catalog.Infrastructure.csproj", "{77B8D325-1838-480E-864E-A7E05432CF13}"
EndProject
Project("{2150E333-8FDC-42A3-9474-1A3956D46DE8}") = "Solution Items", "Solution Items", "{85577992-DDFB-4E4E-8740-5E53DA5AE57D}"
	ProjectSection(SolutionItems) = preProject
		compose.yaml = compose.yaml
		docker-compose.override.yml = docker-compose.override.yml
	EndProjectSection
EndProject
Project("{2150E333-8FDC-42A3-9474-1A3956D46DE8}") = "Basket", "Basket", "{1C5DBEF7-BFFA-4F20-9E88-2A2873DF1694}"
EndProject
Project("{FAE04EC0-301F-11D3-BF4B-00C04F79EFBC}") = "Basket.API", "Services\Basket\Basket.API\Basket.API.csproj", "{8BA5E26B-5A75-4374-AF19-3A12C4B80C27}"
EndProject
Project("{FAE04EC0-301F-11D3-BF4B-00C04F79EFBC}") = "Basket.Core", "Services\Basket\Basket.Core\Basket.Core.csproj", "{8C35E9D8-3287-4AF2-8A4A-5550D918EB61}"
EndProject
Project("{FAE04EC0-301F-11D3-BF4B-00C04F79EFBC}") = "Basket.Application", "Services\Basket\Basket.Application\Basket.Application.csproj", "{F58EB213-BF61-4A67-868A-690B51D78222}"
EndProject
Project("{FAE04EC0-301F-11D3-BF4B-00C04F79EFBC}") = "Basket.Infrastructure", "Services\Basket\Basket.Infrastructure\Basket.Infrastructure.csproj", "{EAC5C7F2-DA55-441D-B479-277D130D602A}"
EndProject
Project("{2150E333-8FDC-42A3-9474-1A3956D46DE8}") = "Discount", "Discount", "{9BE25D7E-D333-4E63-B134-CFADD5722631}"
	ProjectSection(SolutionItems) = preProject
		Services\Discount\README.md = Services\Discount\README.md
	EndProjectSection
EndProject
Project("{FAE04EC0-301F-11D3-BF4B-00C04F79EFBC}") = "Discount.API", "Services\Discount\Discount.API\Discount.API.csproj", "{084A2788-1180-4568-838D-CCB654C5E500}"
EndProject
Project("{FAE04EC0-301F-11D3-BF4B-00C04F79EFBC}") = "Discount.Application", "Services\Discount\Discount.Application\Discount.Application.csproj", "{DA83F82B-804B-46C4-A2F4-3780B6D270B4}"
EndProject
Project("{FAE04EC0-301F-11D3-BF4B-00C04F79EFBC}") = "Discount.Core", "Services\Discount\Discount.Core\Discount.Core.csproj", "{61E4E87C-09E0-470B-975A-76B4C94899A0}"
EndProject
Project("{FAE04EC0-301F-11D3-BF4B-00C04F79EFBC}") = "Discount.Infrastructure", "Services\Discount\Discount.Infrastructure\Discount.Infrastructure.csproj", "{A59B930C-B633-4051-A764-61C7E9FEB054}"
EndProject
Project("{2150E333-8FDC-42A3-9474-1A3956D46DE8}") = "Ordering", "Ordering", "{13307079-50DC-42A9-BB49-8CE716B1575F}"
	ProjectSection(SolutionItems) = preProject
		Services\Ordering\README.md = Services\Ordering\README.md
	EndProjectSection
EndProject
Project("{FAE04EC0-301F-11D3-BF4B-00C04F79EFBC}") = "Ordering.API", "Services\Ordering\Ordering.API\Ordering.API.csproj", "{E62117DD-F844-4A5D-B2C0-61D5107A9722}"
EndProject
Project("{FAE04EC0-301F-11D3-BF4B-00C04F79EFBC}") = "Ordering.Core", "Services\Ordering\Ordering.Core\Ordering.Core.csproj", "{058AFE2A-4AD9-4658-906E-A07C2BCE9FBD}"
EndProject
Project("{FAE04EC0-301F-11D3-BF4B-00C04F79EFBC}") = "Ordering.Infrastructure", "Services\Ordering\Ordering.Infrastructure\Ordering.Infrastructure.csproj", "{A4562D57-38A6-45AC-9438-BBF8C2C2BD2B}"
EndProject
Project("{FAE04EC0-301F-11D3-BF4B-00C04F79EFBC}") = "Ordering.Application", "Services\Ordering\Ordering.Application\Ordering.Application.csproj", "{15A1D8C5-ABDF-4E8D-8ADE-26C92AFD7E50}"
EndProject
Project("{2150E333-8FDC-42A3-9474-1A3956D46DE8}") = "Infrastructure", "Infrastructure", "{EB9A7272-F7EB-40E5-873F-BD672795B8F0}"
EndProject
Project("{FAE04EC0-301F-11D3-BF4B-00C04F79EFBC}") = "EventBus.Messages", "Infrastructure\EventBus.Messages\EventBus.Messages.csproj", "{7FC67D06-26A9-4778-8E86-166A813B2560}"
EndProject
Project("{2150E333-8FDC-42A3-9474-1A3956D46DE8}") = "Payment", "Payment", "{911F6C59-A54E-43B2-8EE3-94F1AA18D9B1}"
EndProject
Project("{FAE04EC0-301F-11D3-BF4B-00C04F79EFBC}") = "Payment.API", "Services\Payment\Payment.API\Payment.API.csproj", "{FB8FB256-46E4-467E-BAFD-5BCDA43393D9}"
EndProject
Project("{2150E333-8FDC-42A3-9474-1A3956D46DE8}") = "Identity", "Identity", "{17372484-EA8A-4C61-AFEB-D47449C3DBC9}"
EndProject
Project("{FAE04EC0-301F-11D3-BF4B-00C04F79EFBC}") = "Identity.API", "Services\Identity\Identity.API\Identity.API.csproj", "{99675B69-9ABC-43ED-97FA-DF37B02023B4}"
EndProject
Project("{2150E333-8FDC-42A3-9474-1A3956D46DE8}") = "ApiGateway", "ApiGateway", "{4FFE1E96-6CC4-4337-B38A-7395ACE7A59B}"
EndProject
Project("{FAE04EC0-301F-11D3-BF4B-00C04F79EFBC}") = "ApiGateway", "ApiGateway\ApiGateway\ApiGateway.csproj", "{A8DDBFC2-8719-48A9-B768-208CABA0075C}"
EndProject
Project("{FAE04EC0-301F-11D3-BF4B-00C04F79EFBC}") = "Common.Logging", "Infrastructure\Common.Logging\Common.Logging.csproj", "{F123393C-6F72-42FD-9FB1-2A455706A185}"
EndProject
Global
	GlobalSection(SolutionConfigurationPlatforms) = preSolution
		Debug|Any CPU = Debug|Any CPU
		Release|Any CPU = Release|Any CPU
	EndGlobalSection
	GlobalSection(ProjectConfigurationPlatforms) = postSolution
		{E20FEB19-0D66-4AFA-B091-CB9D494F2159}.Debug|Any CPU.ActiveCfg = Debug|Any CPU
		{E20FEB19-0D66-4AFA-B091-CB9D494F2159}.Debug|Any CPU.Build.0 = Debug|Any CPU
		{E20FEB19-0D66-4AFA-B091-CB9D494F2159}.Release|Any CPU.ActiveCfg = Release|Any CPU
		{E20FEB19-0D66-4AFA-B091-CB9D494F2159}.Release|Any CPU.Build.0 = Release|Any CPU
		{B4613EBC-EAFC-4495-BB29-2DD62263FF3C}.Debug|Any CPU.ActiveCfg = Debug|Any CPU
		{B4613EBC-EAFC-4495-BB29-2DD62263FF3C}.Debug|Any CPU.Build.0 = Debug|Any CPU
		{B4613EBC-EAFC-4495-BB29-2DD62263FF3C}.Release|Any CPU.ActiveCfg = Release|Any CPU
		{B4613EBC-EAFC-4495-BB29-2DD62263FF3C}.Release|Any CPU.Build.0 = Release|Any CPU
		{8FA404F2-DCA2-498A-ACBE-46B630263E75}.Debug|Any CPU.ActiveCfg = Debug|Any CPU
		{8FA404F2-DCA2-498A-ACBE-46B630263E75}.Debug|Any CPU.Build.0 = Debug|Any CPU
		{8FA404F2-DCA2-498A-ACBE-46B630263E75}.Release|Any CPU.ActiveCfg = Release|Any CPU
		{8FA404F2-DCA2-498A-ACBE-46B630263E75}.Release|Any CPU.Build.0 = Release|Any CPU
		{7E61FCEC-D743-4546-910C-FB7CE66E8EF3}.Debug|Any CPU.ActiveCfg = Debug|Any CPU
		{7E61FCEC-D743-4546-910C-FB7CE66E8EF3}.Debug|Any CPU.Build.0 = Debug|Any CPU
		{7E61FCEC-D743-4546-910C-FB7CE66E8EF3}.Release|Any CPU.ActiveCfg = Release|Any CPU
		{7E61FCEC-D743-4546-910C-FB7CE66E8EF3}.Release|Any CPU.Build.0 = Release|Any CPU
		{77B8D325-1838-480E-864E-A7E05432CF13}.Debug|Any CPU.ActiveCfg = Debug|Any CPU
		{77B8D325-1838-480E-864E-A7E05432CF13}.Debug|Any CPU.Build.0 = Debug|Any CPU
		{77B8D325-1838-480E-864E-A7E05432CF13}.Release|Any CPU.ActiveCfg = Release|Any CPU
		{77B8D325-1838-480E-864E-A7E05432CF13}.Release|Any CPU.Build.0 = Release|Any CPU
		{8BA5E26B-5A75-4374-AF19-3A12C4B80C27}.Debug|Any CPU.ActiveCfg = Debug|Any CPU
		{8BA5E26B-5A75-4374-AF19-3A12C4B80C27}.Debug|Any CPU.Build.0 = Debug|Any CPU
		{8BA5E26B-5A75-4374-AF19-3A12C4B80C27}.Release|Any CPU.ActiveCfg = Release|Any CPU
		{8BA5E26B-5A75-4374-AF19-3A12C4B80C27}.Release|Any CPU.Build.0 = Release|Any CPU
		{8C35E9D8-3287-4AF2-8A4A-5550D918EB61}.Debug|Any CPU.ActiveCfg = Debug|Any CPU
		{8C35E9D8-3287-4AF2-8A4A-5550D918EB61}.Debug|Any CPU.Build.0 = Debug|Any CPU
		{8C35E9D8-3287-4AF2-8A4A-5550D918EB61}.Release|Any CPU.ActiveCfg = Release|Any CPU
		{8C35E9D8-3287-4AF2-8A4A-5550D918EB61}.Release|Any CPU.Build.0 = Release|Any CPU
		{F58EB213-BF61-4A67-868A-690B51D78222}.Debug|Any CPU.ActiveCfg = Debug|Any CPU
		{F58EB213-BF61-4A67-868A-690B51D78222}.Debug|Any CPU.Build.0 = Debug|Any CPU
		{F58EB213-BF61-4A67-868A-690B51D78222}.Release|Any CPU.ActiveCfg = Release|Any CPU
		{F58EB213-BF61-4A67-868A-690B51D78222}.Release|Any CPU.Build.0 = Release|Any CPU
		{EAC5C7F2-DA55-441D-B479-277D130D602A}.Debug|Any CPU.ActiveCfg = Debug|Any CPU
		{EAC5C7F2-DA55-441D-B479-277D130D602A}.Debug|Any CPU.Build.0 = Debug|Any CPU
		{EAC5C7F2-DA55-441D-B479-277D130D602A}.Release|Any CPU.ActiveCfg = Release|Any CPU
		{EAC5C7F2-DA55-441D-B479-277D130D602A}.Release|Any CPU.Build.0 = Release|Any CPU
		{084A2788-1180-4568-838D-CCB654C5E500}.Debug|Any CPU.ActiveCfg = Debug|Any CPU
		{084A2788-1180-4568-838D-CCB654C5E500}.Debug|Any CPU.Build.0 = Debug|Any CPU
		{084A2788-1180-4568-838D-CCB654C5E500}.Release|Any CPU.ActiveCfg = Release|Any CPU
		{084A2788-1180-4568-838D-CCB654C5E500}.Release|Any CPU.Build.0 = Release|Any CPU
		{DA83F82B-804B-46C4-A2F4-3780B6D270B4}.Debug|Any CPU.ActiveCfg = Debug|Any CPU
		{DA83F82B-804B-46C4-A2F4-3780B6D270B4}.Debug|Any CPU.Build.0 = Debug|Any CPU
		{DA83F82B-804B-46C4-A2F4-3780B6D270B4}.Release|Any CPU.ActiveCfg = Release|Any CPU
		{DA83F82B-804B-46C4-A2F4-3780B6D270B4}.Release|Any CPU.Build.0 = Release|Any CPU
		{61E4E87C-09E0-470B-975A-76B4C94899A0}.Debug|Any CPU.ActiveCfg = Debug|Any CPU
		{61E4E87C-09E0-470B-975A-76B4C94899A0}.Debug|Any CPU.Build.0 = Debug|Any CPU
		{61E4E87C-09E0-470B-975A-76B4C94899A0}.Release|Any CPU.ActiveCfg = Release|Any CPU
		{61E4E87C-09E0-470B-975A-76B4C94899A0}.Release|Any CPU.Build.0 = Release|Any CPU
		{A59B930C-B633-4051-A764-61C7E9FEB054}.Debug|Any CPU.ActiveCfg = Debug|Any CPU
		{A59B930C-B633-4051-A764-61C7E9FEB054}.Debug|Any CPU.Build.0 = Debug|Any CPU
		{A59B930C-B633-4051-A764-61C7E9FEB054}.Release|Any CPU.ActiveCfg = Release|Any CPU
		{A59B930C-B633-4051-A764-61C7E9FEB054}.Release|Any CPU.Build.0 = Release|Any CPU
		{E62117DD-F844-4A5D-B2C0-61D5107A9722}.Debug|Any CPU.ActiveCfg = Debug|Any CPU
		{E62117DD-F844-4A5D-B2C0-61D5107A9722}.Debug|Any CPU.Build.0 = Debug|Any CPU
		{E62117DD-F844-4A5D-B2C0-61D5107A9722}.Release|Any CPU.ActiveCfg = Release|Any CPU
		{E62117DD-F844-4A5D-B2C0-61D5107A9722}.Release|Any CPU.Build.0 = Release|Any CPU
		{058AFE2A-4AD9-4658-906E-A07C2BCE9FBD}.Debug|Any CPU.ActiveCfg = Debug|Any CPU
		{058AFE2A-4AD9-4658-906E-A07C2BCE9FBD}.Debug|Any CPU.Build.0 = Debug|Any CPU
		{058AFE2A-4AD9-4658-906E-A07C2BCE9FBD}.Release|Any CPU.ActiveCfg = Release|Any CPU
		{058AFE2A-4AD9-4658-906E-A07C2BCE9FBD}.Release|Any CPU.Build.0 = Release|Any CPU
		{A4562D57-38A6-45AC-9438-BBF8C2C2BD2B}.Debug|Any CPU.ActiveCfg = Debug|Any CPU
		{A4562D57-38A6-45AC-9438-BBF8C2C2BD2B}.Debug|Any CPU.Build.0 = Debug|Any CPU
		{A4562D57-38A6-45AC-9438-BBF8C2C2BD2B}.Release|Any CPU.ActiveCfg = Release|Any CPU
		{A4562D57-38A6-45AC-9438-BBF8C2C2BD2B}.Release|Any CPU.Build.0 = Release|Any CPU
		{15A1D8C5-ABDF-4E8D-8ADE-26C92AFD7E50}.Debug|Any CPU.ActiveCfg = Debug|Any CPU
		{15A1D8C5-ABDF-4E8D-8ADE-26C92AFD7E50}.Debug|Any CPU.Build.0 = Debug|Any CPU
		{15A1D8C5-ABDF-4E8D-8ADE-26C92AFD7E50}.Release|Any CPU.ActiveCfg = Release|Any CPU
		{15A1D8C5-ABDF-4E8D-8ADE-26C92AFD7E50}.Release|Any CPU.Build.0 = Release|Any CPU
		{7FC67D06-26A9-4778-8E86-166A813B2560}.Debug|Any CPU.ActiveCfg = Debug|Any CPU
		{7FC67D06-26A9-4778-8E86-166A813B2560}.Debug|Any CPU.Build.0 = Debug|Any CPU
		{7FC67D06-26A9-4778-8E86-166A813B2560}.Release|Any CPU.ActiveCfg = Release|Any CPU
		{7FC67D06-26A9-4778-8E86-166A813B2560}.Release|Any CPU.Build.0 = Release|Any CPU
		{FB8FB256-46E4-467E-BAFD-5BCDA43393D9}.Debug|Any CPU.ActiveCfg = Debug|Any CPU
		{FB8FB256-46E4-467E-BAFD-5BCDA43393D9}.Debug|Any CPU.Build.0 = Debug|Any CPU
		{FB8FB256-46E4-467E-BAFD-5BCDA43393D9}.Release|Any CPU.ActiveCfg = Release|Any CPU
		{FB8FB256-46E4-467E-BAFD-5BCDA43393D9}.Release|Any CPU.Build.0 = Release|Any CPU
		{99675B69-9ABC-43ED-97FA-DF37B02023B4}.Debug|Any CPU.ActiveCfg = Debug|Any CPU
		{99675B69-9ABC-43ED-97FA-DF37B02023B4}.Debug|Any CPU.Build.0 = Debug|Any CPU
		{99675B69-9ABC-43ED-97FA-DF37B02023B4}.Release|Any CPU.ActiveCfg = Release|Any CPU
		{99675B69-9ABC-43ED-97FA-DF37B02023B4}.Release|Any CPU.Build.0 = Release|Any CPU
		{A8DDBFC2-8719-48A9-B768-208CABA0075C}.Debug|Any CPU.ActiveCfg = Debug|Any CPU
		{A8DDBFC2-8719-48A9-B768-208CABA0075C}.Debug|Any CPU.Build.0 = Debug|Any CPU
		{A8DDBFC2-8719-48A9-B768-208CABA0075C}.Release|Any CPU.ActiveCfg = Release|Any CPU
		{A8DDBFC2-8719-48A9-B768-208CABA0075C}.Release|Any CPU.Build.0 = Release|Any CPU
		{F123393C-6F72-42FD-9FB1-2A455706A185}.Debug|Any CPU.ActiveCfg = Debug|Any CPU
		{F123393C-6F72-42FD-9FB1-2A455706A185}.Debug|Any CPU.Build.0 = Debug|Any CPU
		{F123393C-6F72-42FD-9FB1-2A455706A185}.Release|Any CPU.ActiveCfg = Release|Any CPU
		{F123393C-6F72-42FD-9FB1-2A455706A185}.Release|Any CPU.Build.0 = Release|Any CPU
	EndGlobalSection
	GlobalSection(NestedProjects) = preSolution
		{FB7EFB3A-61BD-469D-8EE1-E05601E6A421} = {4C70EBCB-D1FB-46C8-9024-AA7850C8F6A3}
		{B4613EBC-EAFC-4495-BB29-2DD62263FF3C} = {FB7EFB3A-61BD-469D-8EE1-E05601E6A421}
		{8FA404F2-DCA2-498A-ACBE-46B630263E75} = {FB7EFB3A-61BD-469D-8EE1-E05601E6A421}
		{7E61FCEC-D743-4546-910C-FB7CE66E8EF3} = {FB7EFB3A-61BD-469D-8EE1-E05601E6A421}
		{77B8D325-1838-480E-864E-A7E05432CF13} = {FB7EFB3A-61BD-469D-8EE1-E05601E6A421}
		{1C5DBEF7-BFFA-4F20-9E88-2A2873DF1694} = {4C70EBCB-D1FB-46C8-9024-AA7850C8F6A3}
		{8BA5E26B-5A75-4374-AF19-3A12C4B80C27} = {1C5DBEF7-BFFA-4F20-9E88-2A2873DF1694}
		{8C35E9D8-3287-4AF2-8A4A-5550D918EB61} = {1C5DBEF7-BFFA-4F20-9E88-2A2873DF1694}
		{F58EB213-BF61-4A67-868A-690B51D78222} = {1C5DBEF7-BFFA-4F20-9E88-2A2873DF1694}
		{EAC5C7F2-DA55-441D-B479-277D130D602A} = {1C5DBEF7-BFFA-4F20-9E88-2A2873DF1694}
		{9BE25D7E-D333-4E63-B134-CFADD5722631} = {4C70EBCB-D1FB-46C8-9024-AA7850C8F6A3}
		{084A2788-1180-4568-838D-CCB654C5E500} = {9BE25D7E-D333-4E63-B134-CFADD5722631}
		{DA83F82B-804B-46C4-A2F4-3780B6D270B4} = {9BE25D7E-D333-4E63-B134-CFADD5722631}
		{61E4E87C-09E0-470B-975A-76B4C94899A0} = {9BE25D7E-D333-4E63-B134-CFADD5722631}
		{A59B930C-B633-4051-A764-61C7E9FEB054} = {9BE25D7E-D333-4E63-B134-CFADD5722631}
		{13307079-50DC-42A9-BB49-8CE716B1575F} = {4C70EBCB-D1FB-46C8-9024-AA7850C8F6A3}
		{E62117DD-F844-4A5D-B2C0-61D5107A9722} = {13307079-50DC-42A9-BB49-8CE716B1575F}
		{058AFE2A-4AD9-4658-906E-A07C2BCE9FBD} = {13307079-50DC-42A9-BB49-8CE716B1575F}
		{A4562D57-38A6-45AC-9438-BBF8C2C2BD2B} = {13307079-50DC-42A9-BB49-8CE716B1575F}
		{15A1D8C5-ABDF-4E8D-8ADE-26C92AFD7E50} = {13307079-50DC-42A9-BB49-8CE716B1575F}
		{7FC67D06-26A9-4778-8E86-166A813B2560} = {EB9A7272-F7EB-40E5-873F-BD672795B8F0}
		{911F6C59-A54E-43B2-8EE3-94F1AA18D9B1} = {4C70EBCB-D1FB-46C8-9024-AA7850C8F6A3}
		{FB8FB256-46E4-467E-BAFD-5BCDA43393D9} = {911F6C59-A54E-43B2-8EE3-94F1AA18D9B1}
		{17372484-EA8A-4C61-AFEB-D47449C3DBC9} = {4C70EBCB-D1FB-46C8-9024-AA7850C8F6A3}
		{99675B69-9ABC-43ED-97FA-DF37B02023B4} = {17372484-EA8A-4C61-AFEB-D47449C3DBC9}
		{A8DDBFC2-8719-48A9-B768-208CABA0075C} = {4FFE1E96-6CC4-4337-B38A-7395ACE7A59B}
		{F123393C-6F72-42FD-9FB1-2A455706A185} = {EB9A7272-F7EB-40E5-873F-BD672795B8F0}
	EndGlobalSection
EndGlobal
