
Microsoft Visual Studio Solution File, Format Version 12.00
Project("{FAE04EC0-301F-11D3-BF4B-00C04F79EFBC}") = "mvc-ecomm-net", "mvc-ecomm-net\mvc-ecomm-net.csproj", "{E20FEB19-0D66-4AFA-B091-CB9D494F2159}"
EndProject
Project("{2150E333-8FDC-42A3-9474-1A3956D46DE8}") = "Services", "Services", "{4C70EBCB-D1FB-46C8-9024-AA7850C8F6A3}"
	ProjectSection(SolutionItems) = preProject
		Services\README.md = Services\README.md
	EndProjectSection
EndProject
Project("{2150E333-8FDC-42A3-9474-1A3956D46DE8}") = "Catalog", "Catalog", "{FB7EFB3A-61BD-469D-8EE1-E05601E6A421}"
EndProject
Project("{FAE04EC0-301F-11D3-BF4B-00C04F79EFBC}") = "Catalog.API", "Services\Catalog\Catalog.API\Catalog.API.csproj", "{B4613EBC-EAFC-4495-BB29-2DD62263FF3C}"
EndProject
Project("{FAE04EC0-301F-11D3-BF4B-00C04F79EFBC}") = "Catalog.Application", "Services\Catalog\Catalog.Application\Catalog.Application.csproj", "{8FA404F2-DCA2-498A-ACBE-46B630263E75}"
EndProject
Project("{FAE04EC0-301F-11D3-BF4B-00C04F79EFBC}") = "Catalog.Core", "Services\Catalog\Catalog.Core\Catalog.Core.csproj", "{7E61FCEC-D743-4546-910C-FB7CE66E8EF3}"
EndProject
Project("{FAE04EC0-301F-11D3-BF4B-00C04F79EFBC}") = "Catalog.Infrastructure", "Services\Catalog\Catalog.Infrastructure\Catalog.Infrastructure.csproj", "{77B8D325-1838-480E-864E-A7E05432CF13}"
EndProject
Project("{2150E333-8FDC-42A3-9474-1A3956D46DE8}") = "Solution Items", "Solution Items", "{85577992-DDFB-4E4E-8740-5E53DA5AE57D}"
	ProjectSection(SolutionItems) = preProject
		compose.yaml = compose.yaml
		docker-compose.override.yml = docker-compose.override.yml
	EndProjectSection
EndProject
Global
	GlobalSection(SolutionConfigurationPlatforms) = preSolution
		Debug|Any CPU = Debug|Any CPU
		Release|Any CPU = Release|Any CPU
	EndGlobalSection
	GlobalSection(ProjectConfigurationPlatforms) = postSolution
		{E20FEB19-0D66-4AFA-B091-CB9D494F2159}.Debug|Any CPU.ActiveCfg = Debug|Any CPU
		{E20FEB19-0D66-4AFA-B091-CB9D494F2159}.Debug|Any CPU.Build.0 = Debug|Any CPU
		{E20FEB19-0D66-4AFA-B091-CB9D494F2159}.Release|Any CPU.ActiveCfg = Release|Any CPU
		{E20FEB19-0D66-4AFA-B091-CB9D494F2159}.Release|Any CPU.Build.0 = Release|Any CPU
		{B4613EBC-EAFC-4495-BB29-2DD62263FF3C}.Debug|Any CPU.ActiveCfg = Debug|Any CPU
		{B4613EBC-EAFC-4495-BB29-2DD62263FF3C}.Debug|Any CPU.Build.0 = Debug|Any CPU
		{B4613EBC-EAFC-4495-BB29-2DD62263FF3C}.Release|Any CPU.ActiveCfg = Release|Any CPU
		{B4613EBC-EAFC-4495-BB29-2DD62263FF3C}.Release|Any CPU.Build.0 = Release|Any CPU
		{8FA404F2-DCA2-498A-ACBE-46B630263E75}.Debug|Any CPU.ActiveCfg = Debug|Any CPU
		{8FA404F2-DCA2-498A-ACBE-46B630263E75}.Debug|Any CPU.Build.0 = Debug|Any CPU
		{8FA404F2-DCA2-498A-ACBE-46B630263E75}.Release|Any CPU.ActiveCfg = Release|Any CPU
		{8FA404F2-DCA2-498A-ACBE-46B630263E75}.Release|Any CPU.Build.0 = Release|Any CPU
		{7E61FCEC-D743-4546-910C-FB7CE66E8EF3}.Debug|Any CPU.ActiveCfg = Debug|Any CPU
		{7E61FCEC-D743-4546-910C-FB7CE66E8EF3}.Debug|Any CPU.Build.0 = Debug|Any CPU
		{7E61FCEC-D743-4546-910C-FB7CE66E8EF3}.Release|Any CPU.ActiveCfg = Release|Any CPU
		{7E61FCEC-D743-4546-910C-FB7CE66E8EF3}.Release|Any CPU.Build.0 = Release|Any CPU
		{77B8D325-1838-480E-864E-A7E05432CF13}.Debug|Any CPU.ActiveCfg = Debug|Any CPU
		{77B8D325-1838-480E-864E-A7E05432CF13}.Debug|Any CPU.Build.0 = Debug|Any CPU
		{77B8D325-1838-480E-864E-A7E05432CF13}.Release|Any CPU.ActiveCfg = Release|Any CPU
		{77B8D325-1838-480E-864E-A7E05432CF13}.Release|Any CPU.Build.0 = Release|Any CPU
	EndGlobalSection
	GlobalSection(NestedProjects) = preSolution
		{FB7EFB3A-61BD-469D-8EE1-E05601E6A421} = {4C70EBCB-D1FB-46C8-9024-AA7850C8F6A3}
		{B4613EBC-EAFC-4495-BB29-2DD62263FF3C} = {FB7EFB3A-61BD-469D-8EE1-E05601E6A421}
		{8FA404F2-DCA2-498A-ACBE-46B630263E75} = {FB7EFB3A-61BD-469D-8EE1-E05601E6A421}
		{7E61FCEC-D743-4546-910C-FB7CE66E8EF3} = {FB7EFB3A-61BD-469D-8EE1-E05601E6A421}
		{77B8D325-1838-480E-864E-A7E05432CF13} = {FB7EFB3A-61BD-469D-8EE1-E05601E6A421}
	EndGlobalSection
EndGlobal
